{
  "name": "multiplanner-api",
  "version": "1.0.0",
  "lockfileVersion": 2,
  "requires": true,
  "packages": {
    "": {
      "version": "1.0.0",
      "license": "ISC",
      "dependencies": {
        "multiplanner": "3.1.1"
      }
    },
    "node_modules/chrono-node": {
      "version": "2.2.6",
      "resolved": "https://registry.npmjs.org/chrono-node/-/chrono-node-2.2.6.tgz",
      "integrity": "sha512-ahgxpY4ihg3frV5t7pZYrS0Iap5MErTQ7whVNBxbiLjplc2HhGwj3zgr0dEnJos/FAuZVjrHoky8J9YiNc5ZKQ==",
      "dependencies": {
        "dayjs": "^1.10.0"
      }
    },
    "node_modules/dayjs": {
      "version": "1.10.7",
      "resolved": "https://registry.npmjs.org/dayjs/-/dayjs-1.10.7.tgz",
      "integrity": "sha512-P6twpd70BcPK34K26uJ1KT3wlhpuOAPoMwJzpsIWUxHZ7wpmbdZL/hQqBDfz7hGurYSa5PhzdhDHtt319hL3ig=="
    },
    "node_modules/delay": {
      "version": "5.0.0",
      "resolved": "https://registry.npmjs.org/delay/-/delay-5.0.0.tgz",
      "integrity": "sha512-ReEBKkIfe4ya47wlPYf/gu5ib6yUG0/Aez0JQZQz94kiWtRQvZIQbTiehsnwHvLSWJnQdhVeqYue7Id1dKr0qw==",
      "engines": {
        "node": ">=10"
      },
      "funding": {
        "url": "https://github.com/sponsors/sindresorhus"
      }
    },
    "node_modules/multiplanner": {
      "version": "3.1.1",
      "resolved": "https://registry.npmjs.org/multiplanner/-/multiplanner-3.1.1.tgz",
      "integrity": "sha512-sQclsQZg1gDJxYrbq5OiLRa1rr1+c0xTqEKGaBbvHbyqwPvc1WePfm6aaU5vqYPhAKfyCfHTc/IMKK8Qt1Ge8Q==",
      "dependencies": {
        "chrono-node": "2.2.6",
        "delay": "^5.0.0",
        "string-similarity": "^4.0.4"
      }
    },
    "node_modules/string-similarity": {
      "version": "4.0.4",
      "resolved": "https://registry.npmjs.org/string-similarity/-/string-similarity-4.0.4.tgz",
      "integrity": "sha512-/q/8Q4Bl4ZKAPjj8WerIBJWALKkaPRfrvhfF8k/B23i4nzrlRj2/go1m90In7nG/3XDSbOo0+pu6RvCTM9RGMQ=="
    }
  },
  "dependencies": {
    "chrono-node": {
      "version": "2.2.6",
      "resolved": "https://registry.npmjs.org/chrono-node/-/chrono-node-2.2.6.tgz",
      "integrity": "sha512-ahgxpY4ihg3frV5t7pZYrS0Iap5MErTQ7whVNBxbiLjplc2HhGwj3zgr0dEnJos/FAuZVjrHoky8J9YiNc5ZKQ==",
      "requires": {
        "dayjs": "^1.10.0"
      }
    },
    "dayjs": {
      "version": "1.10.7",
      "resolved": "https://registry.npmjs.org/dayjs/-/dayjs-1.10.7.tgz",
      "integrity": "sha512-P6twpd70BcPK34K26uJ1KT3wlhpuOAPoMwJzpsIWUxHZ7wpmbdZL/hQqBDfz7hGurYSa5PhzdhDHtt319hL3ig=="
    },
    "delay": {
      "version": "5.0.0",
      "resolved": "https://registry.npmjs.org/delay/-/delay-5.0.0.tgz",
      "integrity": "sha512-ReEBKkIfe4ya47wlPYf/gu5ib6yUG0/Aez0JQZQz94kiWtRQvZIQbTiehsnwHvLSWJnQdhVeqYue7Id1dKr0qw=="
    },
    "multiplanner": {
      "version": "3.1.1",
      "resolved": "https://registry.npmjs.org/multiplanner/-/multiplanner-3.1.1.tgz",
      "integrity": "sha512-sQclsQZg1gDJxYrbq5OiLRa1rr1+c0xTqEKGaBbvHbyqwPvc1WePfm6aaU5vqYPhAKfyCfHTc/IMKK8Qt1Ge8Q==",
      "requires": {
        "chrono-node": "2.2.6",
        "delay": "^5.0.0",
        "string-similarity": "^4.0.4"
      }
    },
    "string-similarity": {
      "version": "4.0.4",
      "resolved": "https://registry.npmjs.org/string-similarity/-/string-similarity-4.0.4.tgz",
      "integrity": "sha512-/q/8Q4Bl4ZKAPjj8WerIBJWALKkaPRfrvhfF8k/B23i4nzrlRj2/go1m90In7nG/3XDSbOo0+pu6RvCTM9RGMQ=="
    }
  }
}
